// !$*UTF8*$!
{
	archiveVersion = 1;
	classes = {
	};
	objectVersion = 45;
	objects = {

/* Begin PBXBuildFile section */
		D00E2B6A11B2C1CE00F8A196 /* DateManipulator.cpp in Sources */ = {isa = PBXBuildFile; fileRef = D00E2B6411B2C1CE00F8A196 /* DateManipulator.cpp */; };
		D00E2B6B11B2C1CE00F8A196 /* DBconnector.cpp in Sources */ = {isa = PBXBuildFile; fileRef = D00E2B6611B2C1CE00F8A196 /* DBconnector.cpp */; };
		D00E2B6C11B2C1CE00F8A196 /* Main.cpp in Sources */ = {isa = PBXBuildFile; fileRef = D00E2B6911B2C1CE00F8A196 /* Main.cpp */; };
		D00E2B7B11B2C1E000F8A196 /* sqlite3.c in Sources */ = {isa = PBXBuildFile; fileRef = D00E2B7211B2C1E000F8A196 /* sqlite3.c */; };
		D00E2B7C11B2C1E000F8A196 /* sqlite3x_command.cpp in Sources */ = {isa = PBXBuildFile; fileRef = D00E2B7511B2C1E000F8A196 /* sqlite3x_command.cpp */; };
		D00E2B7D11B2C1E000F8A196 /* sqlite3x_connection.cpp in Sources */ = {isa = PBXBuildFile; fileRef = D00E2B7611B2C1E000F8A196 /* sqlite3x_connection.cpp */; };
		D00E2B7E11B2C1E000F8A196 /* sqlite3x_exception.cpp in Sources */ = {isa = PBXBuildFile; fileRef = D00E2B7711B2C1E000F8A196 /* sqlite3x_exception.cpp */; };
		D00E2B7F11B2C1E000F8A196 /* sqlite3x_reader.cpp in Sources */ = {isa = PBXBuildFile; fileRef = D00E2B7811B2C1E000F8A196 /* sqlite3x_reader.cpp */; };
		D00E2B8011B2C1E000F8A196 /* sqlite3x_transaction.cpp in Sources */ = {isa = PBXBuildFile; fileRef = D00E2B7911B2C1E000F8A196 /* sqlite3x_transaction.cpp */; };
/* End PBXBuildFile section */

/* Begin PBXCopyFilesBuildPhase section */
		8DD76F690486A84900D96B5E /* CopyFiles */ = {
			isa = PBXCopyFilesBuildPhase;
			buildActionMask = 8;
			dstPath = /usr/share/man/man1/;
			dstSubfolderSpec = 0;
			files = (
			);
			runOnlyForDeploymentPostprocessing = 1;
		};
/* End PBXCopyFilesBuildPhase section */

/* Begin PBXFileReference section */
		8DD76F6C0486A84900D96B5E /* DateManipulator */ = {isa = PBXFileReference; explicitFileType = "compiled.mach-o.executable"; includeInIndex = 0; path = DateManipulator; sourceTree = BUILT_PRODUCTS_DIR; };
		D00E2B6411B2C1CE00F8A196 /* DateManipulator.cpp */ = {isa = PBXFileReference; fileEncoding = 4; lastKnownFileType = sourcecode.cpp.cpp; name = DateManipulator.cpp; path = src/DateManipulator.cpp; sourceTree = "<group>"; };
		D00E2B6511B2C1CE00F8A196 /* DateManipulator.h */ = {isa = PBXFileReference; fileEncoding = 4; lastKnownFileType = sourcecode.c.h; name = DateManipulator.h; path = src/DateManipulator.h; sourceTree = "<group>"; };
		D00E2B6611B2C1CE00F8A196 /* DBconnector.cpp */ = {isa = PBXFileReference; fileEncoding = 4; lastKnownFileType = sourcecode.cpp.cpp; name = DBconnector.cpp; path = src/DBconnector.cpp; sourceTree = "<group>"; };
		D00E2B6711B2C1CE00F8A196 /* DBconnector.h */ = {isa = PBXFileReference; fileEncoding = 4; lastKnownFileType = sourcecode.c.h; name = DBconnector.h; path = src/DBconnector.h; sourceTree = "<group>"; };
		D00E2B6811B2C1CE00F8A196 /* GpsPoint.h */ = {isa = PBXFileReference; fileEncoding = 4; lastKnownFileType = sourcecode.c.h; name = GpsPoint.h; path = src/GpsPoint.h; sourceTree = "<group>"; };
		D00E2B6911B2C1CE00F8A196 /* Main.cpp */ = {isa = PBXFileReference; fileEncoding = 4; lastKnownFileType = sourcecode.cpp.cpp; name = Main.cpp; path = src/Main.cpp; sourceTree = "<group>"; };
		D00E2B7211B2C1E000F8A196 /* sqlite3.c */ = {isa = PBXFileReference; fileEncoding = 4; lastKnownFileType = sourcecode.c.c; name = sqlite3.c; path = libs/sqlite3x/sqlite3.c; sourceTree = "<group>"; };
		D00E2B7311B2C1E000F8A196 /* sqlite3.h */ = {isa = PBXFileReference; fileEncoding = 4; lastKnownFileType = sourcecode.c.h; name = sqlite3.h; path = libs/sqlite3x/sqlite3.h; sourceTree = "<group>"; };
		D00E2B7411B2C1E000F8A196 /* sqlite3ext.h */ = {isa = PBXFileReference; fileEncoding = 4; lastKnownFileType = sourcecode.c.h; name = sqlite3ext.h; path = libs/sqlite3x/sqlite3ext.h; sourceTree = "<group>"; };
		D00E2B7511B2C1E000F8A196 /* sqlite3x_command.cpp */ = {isa = PBXFileReference; fileEncoding = 4; lastKnownFileType = sourcecode.cpp.cpp; name = sqlite3x_command.cpp; path = libs/sqlite3x/sqlite3x_command.cpp; sourceTree = "<group>"; };
		D00E2B7611B2C1E000F8A196 /* sqlite3x_connection.cpp */ = {isa = PBXFileReference; fileEncoding = 4; lastKnownFileType = sourcecode.cpp.cpp; name = sqlite3x_connection.cpp; path = libs/sqlite3x/sqlite3x_connection.cpp; sourceTree = "<group>"; };
		D00E2B7711B2C1E000F8A196 /* sqlite3x_exception.cpp */ = {isa = PBXFileReference; fileEncoding = 4; lastKnownFileType = sourcecode.cpp.cpp; name = sqlite3x_exception.cpp; path = libs/sqlite3x/sqlite3x_exception.cpp; sourceTree = "<group>"; };
		D00E2B7811B2C1E000F8A196 /* sqlite3x_reader.cpp */ = {isa = PBXFileReference; fileEncoding = 4; lastKnownFileType = sourcecode.cpp.cpp; name = sqlite3x_reader.cpp; path = libs/sqlite3x/sqlite3x_reader.cpp; sourceTree = "<group>"; };
		D00E2B7911B2C1E000F8A196 /* sqlite3x_transaction.cpp */ = {isa = PBXFileReference; fileEncoding = 4; lastKnownFileType = sourcecode.cpp.cpp; name = sqlite3x_transaction.cpp; path = libs/sqlite3x/sqlite3x_transaction.cpp; sourceTree = "<group>"; };
		D00E2B7A11B2C1E000F8A196 /* sqlite3x.hpp */ = {isa = PBXFileReference; fileEncoding = 4; lastKnownFileType = sourcecode.cpp.h; name = sqlite3x.hpp; path = libs/sqlite3x/sqlite3x.hpp; sourceTree = "<group>"; };
/* End PBXFileReference section */

/* Begin PBXFrameworksBuildPhase section */
		8DD76F660486A84900D96B5E /* Frameworks */ = {
			isa = PBXFrameworksBuildPhase;
			buildActionMask = 2147483647;
			files = (
			);
			runOnlyForDeploymentPostprocessing = 0;
		};
/* End PBXFrameworksBuildPhase section */

/* Begin PBXGroup section */
		08FB7794FE84155DC02AAC07 /* DateManipulatorMac */ = {
			isa = PBXGroup;
			children = (
				D00E2B6E11B2C1D300F8A196 /* sqlite3x */,
				08FB7795FE84155DC02AAC07 /* Source */,
				C6859E8C029090F304C91782 /* Documentation */,
				1AB674ADFE9D54B511CA2CBB /* Products */,
			);
			name = DateManipulatorMac;
			sourceTree = "<group>";
		};
		08FB7795FE84155DC02AAC07 /* Source */ = {
			isa = PBXGroup;
			children = (
				D00E2B6411B2C1CE00F8A196 /* DateManipulator.cpp */,
				D00E2B6511B2C1CE00F8A196 /* DateManipulator.h */,
				D00E2B6611B2C1CE00F8A196 /* DBconnector.cpp */,
				D00E2B6711B2C1CE00F8A196 /* DBconnector.h */,
				D00E2B6811B2C1CE00F8A196 /* GpsPoint.h */,
				D00E2B6911B2C1CE00F8A196 /* Main.cpp */,
			);
			name = Source;
			sourceTree = "<group>";
		};
		1AB674ADFE9D54B511CA2CBB /* Products */ = {
			isa = PBXGroup;
			children = (
				8DD76F6C0486A84900D96B5E /* DateManipulator */,
			);
			name = Products;
			sourceTree = "<group>";
		};
		C6859E8C029090F304C91782 /* Documentation */ = {
			isa = PBXGroup;
			children = (
			);
			name = Documentation;
			sourceTree = "<group>";
		};
		D00E2B6E11B2C1D300F8A196 /* sqlite3x */ = {
			isa = PBXGroup;
			children = (
				D00E2B7211B2C1E000F8A196 /* sqlite3.c */,
				D00E2B7311B2C1E000F8A196 /* sqlite3.h */,
				D00E2B7411B2C1E000F8A196 /* sqlite3ext.h */,
				D00E2B7511B2C1E000F8A196 /* sqlite3x_command.cpp */,
				D00E2B7611B2C1E000F8A196 /* sqlite3x_connection.cpp */,
				D00E2B7711B2C1E000F8A196 /* sqlite3x_exception.cpp */,
				D00E2B7811B2C1E000F8A196 /* sqlite3x_reader.cpp */,
				D00E2B7911B2C1E000F8A196 /* sqlite3x_transaction.cpp */,
				D00E2B7A11B2C1E000F8A196 /* sqlite3x.hpp */,
			);
			name = sqlite3x;
			sourceTree = "<group>";
		};
/* End PBXGroup section */

/* Begin PBXNativeTarget section */
		8DD76F620486A84900D96B5E /* DateManipulator */ = {
			isa = PBXNativeTarget;
			buildConfigurationList = 1DEB923108733DC60010E9CD /* Build configuration list for PBXNativeTarget "DateManipulator" */;
			buildPhases = (
				8DD76F640486A84900D96B5E /* Sources */,
				8DD76F660486A84900D96B5E /* Frameworks */,
				8DD76F690486A84900D96B5E /* CopyFiles */,
			);
			buildRules = (
			);
			dependencies = (
			);
			name = DateManipulator;
			productInstallPath = "$(HOME)/bin";
			productName = DateManipulatorMac;
			productReference = 8DD76F6C0486A84900D96B5E /* DateManipulator */;
			productType = "com.apple.product-type.tool";
		};
/* End PBXNativeTarget section */

/* Begin PBXProject section */
		08FB7793FE84155DC02AAC07 /* Project object */ = {
			isa = PBXProject;
			buildConfigurationList = 1DEB923508733DC60010E9CD /* Build configuration list for PBXProject "DateManipulator" */;
			compatibilityVersion = "Xcode 3.1";
			hasScannedForEncodings = 1;
			mainGroup = 08FB7794FE84155DC02AAC07 /* DateManipulatorMac */;
			projectDirPath = "";
			projectRoot = "";
			targets = (
				8DD76F620486A84900D96B5E /* DateManipulator */,
			);
		};
/* End PBXProject section */

/* Begin PBXSourcesBuildPhase section */
		8DD76F640486A84900D96B5E /* Sources */ = {
			isa = PBXSourcesBuildPhase;
			buildActionMask = 2147483647;
			files = (
				D00E2B6A11B2C1CE00F8A196 /* DateManipulator.cpp in Sources */,
				D00E2B6B11B2C1CE00F8A196 /* DBconnector.cpp in Sources */,
				D00E2B6C11B2C1CE00F8A196 /* Main.cpp in Sources */,
				D00E2B7B11B2C1E000F8A196 /* sqlite3.c in Sources */,
				D00E2B7C11B2C1E000F8A196 /* sqlite3x_command.cpp in Sources */,
				D00E2B7D11B2C1E000F8A196 /* sqlite3x_connection.cpp in Sources */,
				D00E2B7E11B2C1E000F8A196 /* sqlite3x_exception.cpp in Sources */,
				D00E2B7F11B2C1E000F8A196 /* sqlite3x_reader.cpp in Sources */,
				D00E2B8011B2C1E000F8A196 /* sqlite3x_transaction.cpp in Sources */,
			);
			runOnlyForDeploymentPostprocessing = 0;
		};
/* End PBXSourcesBuildPhase section */

/* Begin XCBuildConfiguration section */
		1DEB923208733DC60010E9CD /* Debug */ = {
			isa = XCBuildConfiguration;
			buildSettings = {
				ALWAYS_SEARCH_USER_PATHS = NO;
				COPY_PHASE_STRIP = NO;
				GCC_DYNAMIC_NO_PIC = NO;
				GCC_ENABLE_FIX_AND_CONTINUE = YES;
				GCC_MODEL_TUNING = G5;
				GCC_OPTIMIZATION_LEVEL = 0;
				GCC_PREPROCESSOR_DEFINITIONS = (
					"_GLIBCXX_DEBUG=1",
					"_GLIBCXX_DEBUG_PEDANTIC=1",
				);
				INSTALL_PATH = /usr/local/bin;
				PRODUCT_NAME = DateManipulator;
			};
			name = Debug;
		};
		1DEB923308733DC60010E9CD /* Release */ = {
			isa = XCBuildConfiguration;
			buildSettings = {
				ALWAYS_SEARCH_USER_PATHS = NO;
				DEBUG_INFORMATION_FORMAT = "dwarf-with-dsym";
				GCC_MODEL_TUNING = G5;
				INSTALL_PATH = /usr/local/bin;
				PRODUCT_NAME = DateManipulator;
			};
			name = Release;
		};
		1DEB923608733DC60010E9CD /* Debug */ = {
			isa = XCBuildConfiguration;
			buildSettings = {
				ARCHS = "$(ARCHS_STANDARD_32_64_BIT)";
				GCC_C_LANGUAGE_STANDARD = gnu99;
				GCC_OPTIMIZATION_LEVEL = 0;
				GCC_WARN_ABOUT_RETURN_TYPE = YES;
				GCC_WARN_UNUSED_VARIABLE = YES;
				ONLY_ACTIVE_ARCH = YES;
				PREBINDING = NO;
				SDKROOT = macosx10.6;
			};
			name = Debug;
		};
		1DEB923708733DC60010E9CD /* Release */ = {
			isa = XCBuildConfiguration;
			buildSettings = {
				ARCHS = "$(ARCHS_STANDARD_32_64_BIT)";
				GCC_C_LANGUAGE_STANDARD = gnu99;
				GCC_WARN_ABOUT_RETURN_TYPE = YES;
				GCC_WARN_UNUSED_VARIABLE = YES;
				PREBINDING = NO;
				SDKROOT = macosx10.6;
			};
			name = Release;
		};
/* End XCBuildConfiguration section */

/* Begin XCConfigurationList section */
		1DEB923108733DC60010E9CD /* Build configuration list for PBXNativeTarget "DateManipulator" */ = {
			isa = XCConfigurationList;
			buildConfigurations = (
				1DEB923208733DC60010E9CD /* Debug */,
				1DEB923308733DC60010E9CD /* Release */,
			);
			defaultConfigurationIsVisible = 0;
			defaultConfigurationName = Release;
		};
		1DEB923508733DC60010E9CD /* Build configuration list for PBXProject "DateManipulator" */ = {
			isa = XCConfigurationList;
			buildConfigurations = (
				1DEB923608733DC60010E9CD /* Debug */,
				1DEB923708733DC60010E9CD /* Release */,
			);
			defaultConfigurationIsVisible = 0;
			defaultConfigurationName = Release;
		};
/* End XCConfigurationList section */
	};
	rootObject = 08FB7793FE84155DC02AAC07 /* Project object */;
}
